
Microsoft Visual Studio Solution File, Format Version 12.00
# Visual Studio Version 16
VisualStudioVersion = 16.0.29728.190
MinimumVisualStudioVersion = 10.0.40219.1
Project("{FAE04EC0-301F-11D3-BF4B-00C04F79EFBC}") = "RedbridgeMotors.Emailer", "RedbridgeMotors.Emailer\RedbridgeMotors.Emailer.csproj", "{DFCF29B3-75CC-40BF-9BB7-5562FB6A2BF4}"
EndProject
Global
	GlobalSection(SolutionConfigurationPlatforms) = preSolution
		Debug|Any CPU = Debug|Any CPU
		Release|Any CPU = Release|Any CPU
	EndGlobalSection
	GlobalSection(ProjectConfigurationPlatforms) = postSolution
		{DFCF29B3-75CC-40BF-9BB7-5562FB6A2BF4}.Debug|Any CPU.ActiveCfg = Debug|Any CPU
		{DFCF29B3-75CC-40BF-9BB7-5562FB6A2BF4}.Debug|Any CPU.Build.0 = Debug|Any CPU
		{DFCF29B3-75CC-40BF-9BB7-5562FB6A2BF4}.Release|Any CPU.ActiveCfg = Release|Any CPU
		{DFCF29B3-75CC-40BF-9BB7-5562FB6A2BF4}.Release|Any CPU.Build.0 = Release|Any CPU
	EndGlobalSection
	GlobalSection(SolutionProperties) = preSolution
		HideSolutionNode = FALSE
	EndGlobalSection
	GlobalSection(ExtensibilityGlobals) = postSolution
		SolutionGuid = {7B30A78D-22E5-4CB8-96CA-8AA0EF205BB4}
	EndGlobalSection
EndGlobal
